{
  "version": 4,
  "terraform_version": "1.5.0",
  "serial": 187,
  "lineage": "78017ce7-08bd-d28f-44fb-d583d94924f5",
  "outputs": {
    "aws_load_balancer_controller_role_arn": {
      "value": "arn:aws:iam::051725806636:role/aws-load-balancer-controller",
      "type": "string"
    }
  },
  "resources": [
    {
      "mode": "data",
      "type": "aws_iam_policy_document",
      "name": "aws_load_balancer_controller_assume_role_policy",
      "provider": "provider[\"registry.terraform.io/hashicorp/aws\"]",
      "instances": [
        {
          "schema_version": 0,
          "attributes": {
            "id": "670354215",
            "json": "{\n  \"Version\": \"2012-10-17\",\n  \"Statement\": [\n    {\n      \"Effect\": \"Allow\",\n      \"Action\": \"sts:AssumeRoleWithWebIdentity\",\n      \"Principal\": {\n        \"Federated\": \"arn:aws:iam::051725806636:oidc-provider/oidc.eks.ap-southeast-1.amazonaws.com/id/4741E07AD82A595D0B465414076C3E50\"\n      },\n      \"Condition\": {\n        \"StringEquals\": {\n          \"oidc.eks.ap-southeast-1.amazonaws.com/id/4741E07AD82A595D0B465414076C3E50:sub\": \"system:serviceaccount:kube-system:aws-load-balancer-controller\"\n        }\n      }\n    }\n  ]\n}",
            "override_policy_documents": null,
            "policy_id": null,
            "source_policy_documents": null,
            "statement": [
              {
                "actions": [
                  "sts:AssumeRoleWithWebIdentity"
                ],
                "condition": [
                  {
                    "test": "StringEquals",
                    "values": [
                      "system:serviceaccount:kube-system:aws-load-balancer-controller"
                    ],
                    "variable": "oidc.eks.ap-southeast-1.amazonaws.com/id/4741E07AD82A595D0B465414076C3E50:sub"
                  }
                ],
                "effect": "Allow",
                "not_actions": [],
                "not_principals": [],
                "not_resources": [],
                "principals": [
                  {
                    "identifiers": [
                      "arn:aws:iam::051725806636:oidc-provider/oidc.eks.ap-southeast-1.amazonaws.com/id/4741E07AD82A595D0B465414076C3E50"
                    ],
                    "type": "Federated"
                  }
                ],
                "resources": [],
                "sid": ""
              }
            ],
            "version": "2012-10-17"
          },
          "sensitive_attributes": []
        }
      ]
    },
    {
      "mode": "data",
      "type": "tls_certificate",
      "name": "eks",
      "provider": "provider[\"registry.terraform.io/hashicorp/tls\"]",
      "instances": [
        {
          "schema_version": 0,
          "attributes": {
            "certificates": [
              {
                "cert_pem": "-----BEGIN CERTIFICATE-----\nMIIEdTCCA12gAwIBAgIJAKcOSkw0grd/MA0GCSqGSIb3DQEBCwUAMGgxCzAJBgNV\nBAYTAlVTMSUwIwYDVQQKExxTdGFyZmllbGQgVGVjaG5vbG9naWVzLCBJbmMuMTIw\nMAYDVQQLEylTdGFyZmllbGQgQ2xhc3MgMiBDZXJ0aWZpY2F0aW9uIEF1dGhvcml0\neTAeFw0wOTA5MDIwMDAwMDBaFw0zNDA2MjgxNzM5MTZaMIGYMQswCQYDVQQGEwJV\nUzEQMA4GA1UECBMHQXJpem9uYTETMBEGA1UEBxMKU2NvdHRzZGFsZTElMCMGA1UE\nChMcU3RhcmZpZWxkIFRlY2hub2xvZ2llcywgSW5jLjE7MDkGA1UEAxMyU3RhcmZp\nZWxkIFNlcnZpY2VzIFJvb3QgQ2VydGlmaWNhdGUgQXV0aG9yaXR5IC0gRzIwggEi\nMA0GCSqGSIb3DQEBAQUAA4IBDwAwggEKAoIBAQDVDDrEKvlO4vW+GZdfjohTsR8/\ny8+fIBNtKTrID30892t2OGPZNmCom15cAICyL1l/9of5JUOG52kbUpqQ4XHj2C0N\nTm/2yEnZtvMaVq4rtnQU68/7JuMauh2WLmo7WJSJR1b/JaCTcFOD2oR0FMNnngRo\nOt+OQFodSk7PQ5E751bWAHDLUu57fa4657wx+UX2wmDPE1kCK4DMNEffud6QZW0C\nzyyRpqbn3oUYSXxmTqM6bam17jQuug0DuDPfR+uxa40l2ZvOgdFFRjKWcIfeAg5J\nQ4W2bHO7ZOphQazJ1FTfhy/HIrImzJ9ZVGif/L4qL8RVHHVAYBeFAlU5i38FAgMB\nAAGjgfAwge0wDwYDVR0TAQH/BAUwAwEB/zAOBgNVHQ8BAf8EBAMCAYYwHQYDVR0O\nBBYEFJxfAN+qAdcwKziIorhtSpzyEZGDMB8GA1UdIwQYMBaAFL9ft9HO3R+G9FtV\nrNzXEMIOqYjnME8GCCsGAQUFBwEBBEMwQTAcBggrBgEFBQcwAYYQaHR0cDovL28u\nc3MyLnVzLzAhBggrBgEFBQcwAoYVaHR0cDovL3guc3MyLnVzL3guY2VyMCYGA1Ud\nHwQfMB0wG6AZoBeGFWh0dHA6Ly9zLnNzMi51cy9yLmNybDARBgNVHSAECjAIMAYG\nBFUdIAAwDQYJKoZIhvcNAQELBQADggEBACMd44pXyn3pF3lM8R5V/cxTbj5HD9/G\nVfKyBDbtgB9TxF00KGu+x1X8Z+rLP3+QsjPNG1gQggL4+C/1E2DUBc7xgQjB3ad1\nl08YuW3e95ORCLp+QCztweq7dp4zBncdDQh/U90bZKuCJ/Fp1U1ervShw3WnWEQt\n8jxwmKy6abaVd38PMV4s/KCHOkdp8Hlf9BRUpJVeEXgSYCfOn8J3/yNTd126/+pZ\n59vPr5KW7ySaNRB6nJHGDn2Z9j8Z3/VyVOEVqQdZe4O/Ui5GjLIAZHYcSNPYeehu\nVsyuLAOQ1xk4meTKCRlb/weWsKh/NEnfVqn3sF/tM+2MR7cwA130A4w=\n-----END CERTIFICATE-----\n",
                "is_ca": true,
                "issuer": "OU=Starfield Class 2 Certification Authority,O=Starfield Technologies\\, Inc.,C=US",
                "not_after": "2034-06-28T17:39:16Z",
                "not_before": "2009-09-02T00:00:00Z",
                "public_key_algorithm": "RSA",
                "serial_number": "12037640545166866303",
                "sha1_fingerprint": "9e99a48a9960b14926bb7f3b02e22da2b0ab7280",
                "signature_algorithm": "SHA256-RSA",
                "subject": "CN=Starfield Services Root Certificate Authority - G2,O=Starfield Technologies\\, Inc.,L=Scottsdale,ST=Arizona,C=US",
                "version": 3
              },
              {
                "cert_pem": "-----BEGIN CERTIFICATE-----\nMIIEkjCCA3qgAwIBAgITBn+USionzfP6wq4rAfkI7rnExjANBgkqhkiG9w0BAQsF\nADCBmDELMAkGA1UEBhMCVVMxEDAOBgNVBAgTB0FyaXpvbmExEzARBgNVBAcTClNj\nb3R0c2RhbGUxJTAjBgNVBAoTHFN0YXJmaWVsZCBUZWNobm9sb2dpZXMsIEluYy4x\nOzA5BgNVBAMTMlN0YXJmaWVsZCBTZXJ2aWNlcyBSb290IENlcnRpZmljYXRlIEF1\ndGhvcml0eSAtIEcyMB4XDTE1MDUyNTEyMDAwMFoXDTM3MTIzMTAxMDAwMFowOTEL\nMAkGA1UEBhMCVVMxDzANBgNVBAoTBkFtYXpvbjEZMBcGA1UEAxMQQW1hem9uIFJv\nb3QgQ0EgMTCCASIwDQYJKoZIhvcNAQEBBQADggEPADCCAQoCggEBALJ4gHHKeNXj\nca9HgFB0fW7Y14h29Jlo91ghYPl0hAEvrAIthtOgQ3pOsqTQNroBvo3bSMgHFzZM\n9O6II8c+6zf1tRn4SWiw3te5djgdYZ6k/oI2peVKVuRF4fn9tBb6dNqcmzU5L/qw\nIFAGbHrQgLKm+a/sRxmPUDgH3KKHOVj4utWp+UhnMJbulHheb4mjUcAwhmahRWa6\nVOujw5H5SNz/0egwLX0tdHA114gk957EWW67c4cX8jJGKLhD+rcdqsq08p8kDi1L\n93FcXmn/6pUCyziKrlA4b9v7LWIbxcceVOF34GfID5yHI9Y/QCB/IIDEgEw+OyQm\njgSubJrIqg0CAwEAAaOCATEwggEtMA8GA1UdEwEB/wQFMAMBAf8wDgYDVR0PAQH/\nBAQDAgGGMB0GA1UdDgQWBBSEGMyFNOy8DJSULghZnMeyEE4KCDAfBgNVHSMEGDAW\ngBScXwDfqgHXMCs4iKK4bUqc8hGRgzB4BggrBgEFBQcBAQRsMGowLgYIKwYBBQUH\nMAGGImh0dHA6Ly9vY3NwLnJvb3RnMi5hbWF6b250cnVzdC5jb20wOAYIKwYBBQUH\nMAKGLGh0dHA6Ly9jcnQucm9vdGcyLmFtYXpvbnRydXN0LmNvbS9yb290ZzIuY2Vy\nMD0GA1UdHwQ2MDQwMqAwoC6GLGh0dHA6Ly9jcmwucm9vdGcyLmFtYXpvbnRydXN0\nLmNvbS9yb290ZzIuY3JsMBEGA1UdIAQKMAgwBgYEVR0gADANBgkqhkiG9w0BAQsF\nAAOCAQEAYjdCXLwQtT6LLOkMm2xF4gcAevnFWAu5CIw+7bMlPLVvUOTNNWqnkzSW\nMiGpSESrnO09tKpzbeR/FoCJbM8oAxiDR3mjEH4wW6w7sGDgd9QIpuEdfF7Au/ma\neyKdpwAJfqxGF4PcnCZXmTA5YpaP7dreqsXMGz7KQ2hsVxa81Q4gLv7/wmpdLqBK\nbRRYh5TmOTFffHPLkIhqhBGWJ6bt2YFGpn6jcgAKUj6DiAdjd4lpFw85hdKrCEVN\n0FE6/V1dN2RMfjCyVSRCnTawXZwXgWHxyvkQAiSr6w10kY17RSlQOYiypok1JR4U\nakcjMS9cmvqtmg5iUaQqqcT5NJ0hGA==\n-----END CERTIFICATE-----\n",
                "is_ca": true,
                "issuer": "CN=Starfield Services Root Certificate Authority - G2,O=Starfield Technologies\\, Inc.,L=Scottsdale,ST=Arizona,C=US",
                "not_after": "2037-12-31T01:00:00Z",
                "not_before": "2015-05-25T12:00:00Z",
                "public_key_algorithm": "RSA",
                "serial_number": "144918191876577076464031512351042010504348870",
                "sha1_fingerprint": "06b25927c42a721631c1efd9431e648fa62e1e39",
                "signature_algorithm": "SHA256-RSA",
                "subject": "CN=Amazon Root CA 1,O=Amazon,C=US",
                "version": 3
              },
              {
                "cert_pem": "-----BEGIN CERTIFICATE-----\nMIIEXjCCA0agAwIBAgITB3MSOAudZoijOx7Zv5zNpo4ODzANBgkqhkiG9w0BAQsF\nADA5MQswCQYDVQQGEwJVUzEPMA0GA1UEChMGQW1hem9uMRkwFwYDVQQDExBBbWF6\nb24gUm9vdCBDQSAxMB4XDTIyMDgyMzIyMjEyOFoXDTMwMDgyMzIyMjEyOFowPDEL\nMAkGA1UEBhMCVVMxDzANBgNVBAoTBkFtYXpvbjEcMBoGA1UEAxMTQW1hem9uIFJT\nQSAyMDQ4IE0wMTCCASIwDQYJKoZIhvcNAQEBBQADggEPADCCAQoCggEBAOtxLKnL\nH4gokjIwr4pXD3i3NyWVVYesZ1yX0yLI2qIUZ2t88Gfa4gMqs1YSXca1R/lnCKeT\nepWSGA+0+fkQNpp/L4C2T7oTTsddUx7g3ZYzByDTlrwS5HRQQqEFE3O1T5tEJP4t\nf+28IoXsNiEzl3UGzicYgtzj2cWCB41eJgEmJmcf2T8TzzK6a614ZPyq/w4CPAff\nnAV4coz96nW3AyiE2uhuB4zQUIXvgVSycW7sbWLvj5TDXunEpNCRwC4kkZjK7rol\njtT2cbb7W2s4Bkg3R42G3PLqBvt2N32e/0JOTViCk8/iccJ4sXqrS1uUN4iB5Nmv\nJK74csVl+0u0UecCAwEAAaOCAVowggFWMBIGA1UdEwEB/wQIMAYBAf8CAQAwDgYD\nVR0PAQH/BAQDAgGGMB0GA1UdJQQWMBQGCCsGAQUFBwMBBggrBgEFBQcDAjAdBgNV\nHQ4EFgQUgbgOY4qJEhjl+js7UJWf5uWQE4UwHwYDVR0jBBgwFoAUhBjMhTTsvAyU\nlC4IWZzHshBOCggwewYIKwYBBQUHAQEEbzBtMC8GCCsGAQUFBzABhiNodHRwOi8v\nb2NzcC5yb290Y2ExLmFtYXpvbnRydXN0LmNvbTA6BggrBgEFBQcwAoYuaHR0cDov\nL2NydC5yb290Y2ExLmFtYXpvbnRydXN0LmNvbS9yb290Y2ExLmNlcjA/BgNVHR8E\nODA2MDSgMqAwhi5odHRwOi8vY3JsLnJvb3RjYTEuYW1hem9udHJ1c3QuY29tL3Jv\nb3RjYTEuY3JsMBMGA1UdIAQMMAowCAYGZ4EMAQIBMA0GCSqGSIb3DQEBCwUAA4IB\nAQCtAN4CBSMuBjJitGuxlBbkEUDeK/pZwTXv4KqPK0G50fOHOQAd8j21p0cMBgbG\nkfMHVwLU7b0XwZCav0h1ogdPMN1KakK1DT0VwA/+hFvGPJnMV1Kx2G4S1ZaSk0uU\n5QfoiYIIano01J5k4T2HapKQmmOhS/iPtuo00wW+IMLeBuKMn3OLn005hcrOGTad\nhcmeyfhQP7Z+iKHvyoQGi1C0ClymHETx/chhQGDyYSWqB/THwnN15AwLQo0E5V9E\nSJlbe4mBlqeInUsNYugExNf+tOiybcrswBy8OFsd34XOW3rjSUtsuafd9AWySa3h\nxRRrwszrzX/WWGm6wyB+f7C4\n-----END CERTIFICATE-----\n",
                "is_ca": true,
                "issuer": "CN=Amazon Root CA 1,O=Amazon,C=US",
                "not_after": "2030-08-23T22:21:28Z",
                "not_before": "2022-08-23T22:21:28Z",
                "public_key_algorithm": "RSA",
                "serial_number": "166129328851546858514271303855646110030630415",
                "sha1_fingerprint": "2ad974a775f73cbdbbd8f5ac3a49255fa8fb1f8c",
                "signature_algorithm": "SHA256-RSA",
                "subject": "CN=Amazon RSA 2048 M01,O=Amazon,C=US",
                "version": 3
              },
              {
                "cert_pem": "-----BEGIN CERTIFICATE-----\nMIIF8zCCBNugAwIBAgIQBUiNwveUCnmlC+CXJXKZuTANBgkqhkiG9w0BAQsFADA8\nMQswCQYDVQQGEwJVUzEPMA0GA1UEChMGQW1hem9uMRwwGgYDVQQDExNBbWF6b24g\nUlNBIDIwNDggTTAxMB4XDTIzMDQxNDAwMDAwMFoXDTI0MDUxMjIzNTk1OVowMDEu\nMCwGA1UEAxMlb2lkYy5la3MuYXAtc291dGhlYXN0LTEuYW1hem9uYXdzLmNvbTCC\nASIwDQYJKoZIhvcNAQEBBQADggEPADCCAQoCggEBALI3th6s8nYdzj8ZXGeUwCmc\n3HIMzt6sdQILE2QZN1Vp5mwWDH9xaZpJIX0S4r6MKhnAv9pqATVo9lg6mRaCdaQB\nvhtOWKIBYmqahPZMBoQ+htP2JXCUoNhetzjxvLsQdi6916FwNF5vMqCeK92cLMke\nh0x84L9VCm5TWEHmHf5BaEt01+icBXoTHeTfAgTV2hBIjGA4t7Zc3sm0fRF7c4eU\nTnmkyt72CCSQmmZkDEJx3aswg7G2HARrwh5HyDRwIylDD7+G5J3qiZFqBm4xcoE7\nR7aBdapdL/gIbO7Dm4pAo/HlE4nx3dodqhnWZul4XVo0vAanIcHXUuMRMaMEc/8C\nAwEAAaOCAvswggL3MB8GA1UdIwQYMBaAFIG4DmOKiRIY5fo7O1CVn+blkBOFMB0G\nA1UdDgQWBBQAiDjtFl9j4Fma5DL6ghDiH/MjmjAwBgNVHREEKTAngiVvaWRjLmVr\ncy5hcC1zb3V0aGVhc3QtMS5hbWF6b25hd3MuY29tMA4GA1UdDwEB/wQEAwIFoDAd\nBgNVHSUEFjAUBggrBgEFBQcDAQYIKwYBBQUHAwIwOwYDVR0fBDQwMjAwoC6gLIYq\naHR0cDovL2NybC5yMm0wMS5hbWF6b250cnVzdC5jb20vcjJtMDEuY3JsMBMGA1Ud\nIAQMMAowCAYGZ4EMAQIBMHUGCCsGAQUFBwEBBGkwZzAtBggrBgEFBQcwAYYhaHR0\ncDovL29jc3AucjJtMDEuYW1hem9udHJ1c3QuY29tMDYGCCsGAQUFBzAChipodHRw\nOi8vY3J0LnIybTAxLmFtYXpvbnRydXN0LmNvbS9yMm0wMS5jZXIwDAYDVR0TAQH/\nBAIwADCCAXsGCisGAQQB1nkCBAIEggFrBIIBZwFlAHUA7s3QZNXbGs7FXLedtM0T\nojKHRny87N7DUUhZRnEftZsAAAGHfSj1tgAABAMARjBEAiANTpO6aKMSUawTgbBl\nofnz2eg16LUY0+9m25TV2rVnugIgfiU4mVoW3yhSnhqgL5ML2/PUNJYrd6T53fwD\n6rCB/RQAdQBIsONr2qZHNA/lagL6nTDrHFIBy1bdLIHZu7+rOdiEcwAAAYd9KPXh\nAAAEAwBGMEQCIBWyWi4JyNhclvzSEhGc7nyDtmJ1ssm/yWLErsxSb02MAiB+aTfL\n7qpBmjAOFCqKFo90NmW3o7qOBxi2e6V8tFV5PwB1ANq2v2s/tbYin5vCu1xr6HCR\ncWy7UYSFNL2kPTBI1/urAAABh30o9a4AAAQDAEYwRAIgCMdhQfTAEWmBiO4Uy8Kr\nleNO8Etw2CSLJ7UnCCQ9Cg8CIE0I15cgCihuPBjXfwwBLFuMO+lmw8hLjiJfrXcp\nISjPMA0GCSqGSIb3DQEBCwUAA4IBAQAHndyIE+QXE0GWW3kXuZDhX9kwn9uznQ64\nHn2Zxgq+86uUPWGfhAGju7z9cp3S8/LGEBMdqRwf+xV8xFGhhvT7kLysWIOQHLPU\n2XUUvpDnvco9+YZoLqebbR08oU5oTMi8PdqNuQqYp/Qz+kW04LkHbVDDQD40JJDd\nGWe1SQbXbRjTZKJbWvyZgbsoiQJytRt8fOXsEcdqRcySVa/dOag6sORidPKQwi55\nwzF2KhnCbNGs8OJPQP8QlWQS5EsfrxQ13S6b8u5CS0UqjA8ACTb7SCFSxyFuq2Z6\nrpjNHm+Mn5QJBpp5+m4y33L9Hui9GHklvyElKi7MJ9GQcOW1D2fS\n-----END CERTIFICATE-----\n",
                "is_ca": false,
                "issuer": "CN=Amazon RSA 2048 M01,O=Amazon,C=US",
                "not_after": "2024-05-12T23:59:59Z",
                "not_before": "2023-04-14T00:00:00Z",
                "public_key_algorithm": "RSA",
                "serial_number": "7022860619378497521373405636023458233",
                "sha1_fingerprint": "30e620af3b44d4a30c0a64d1ecb8713fab02ca9f",
                "signature_algorithm": "SHA256-RSA",
                "subject": "CN=oidc.eks.ap-southeast-1.amazonaws.com",
                "version": 3
              }
            ],
            "content": null,
            "id": "5f0630e8a1c4ee9bd3e7e715837e311bdbd1cd3d",
            "url": "https://oidc.eks.ap-southeast-1.amazonaws.com/id/4741E07AD82A595D0B465414076C3E50",
            "verify_chain": true
          },
          "sensitive_attributes": []
        }
      ]
    },
    {
      "mode": "managed",
      "type": "aws_iam_openid_connect_provider",
      "name": "eks",
      "provider": "provider[\"registry.terraform.io/hashicorp/aws\"]",
      "instances": [
        {
          "schema_version": 0,
          "attributes": {
            "arn": "arn:aws:iam::051725806636:oidc-provider/oidc.eks.ap-southeast-1.amazonaws.com/id/4741E07AD82A595D0B465414076C3E50",
            "client_id_list": [
              "sts.amazonaws.com"
            ],
            "id": "arn:aws:iam::051725806636:oidc-provider/oidc.eks.ap-southeast-1.amazonaws.com/id/4741E07AD82A595D0B465414076C3E50",
            "tags": null,
            "tags_all": {},
            "thumbprint_list": [
              "9e99a48a9960b14926bb7f3b02e22da2b0ab7280"
            ],
            "url": "oidc.eks.ap-southeast-1.amazonaws.com/id/4741E07AD82A595D0B465414076C3E50"
          },
          "sensitive_attributes": [],
          "private": "bnVsbA==",
          "dependencies": [
            "data.tls_certificate.eks",
            "module.eks-cluster.aws_eks_cluster.eks",
            "module.eks-cluster.aws_iam_role.eks-role",
            "module.eks-cluster.aws_security_group.eks-master"
          ]
        }
      ]
    },
    {
      "mode": "managed",
      "type": "aws_iam_policy",
      "name": "aws_load_balancer_controller",
      "provider": "provider[\"registry.terraform.io/hashicorp/aws\"]",
      "instances": [
        {
          "schema_version": 0,
          "attributes": {
            "arn": "arn:aws:iam::051725806636:policy/AWSLoadBalancerControlleri-munna",
            "description": "",
            "id": "arn:aws:iam::051725806636:policy/AWSLoadBalancerControlleri-munna",
            "name": "AWSLoadBalancerControlleri-munna",
            "name_prefix": "",
            "path": "/",
            "policy": "{\"Statement\":[{\"Action\":[\"iam:CreateServiceLinkedRole\"],\"Condition\":{\"StringEquals\":{\"iam:AWSServiceName\":\"elasticloadbalancing.amazonaws.com\"}},\"Effect\":\"Allow\",\"Resource\":\"*\"},{\"Action\":[\"ec2:DescribeAccountAttributes\",\"ec2:DescribeAddresses\",\"ec2:DescribeAvailabilityZones\",\"ec2:DescribeInternetGateways\",\"ec2:DescribeVpcs\",\"ec2:DescribeVpcPeeringConnections\",\"ec2:DescribeSubnets\",\"ec2:DescribeSecurityGroups\",\"ec2:DescribeInstances\",\"ec2:DescribeNetworkInterfaces\",\"ec2:DescribeTags\",\"ec2:GetCoipPoolUsage\",\"ec2:DescribeCoipPools\",\"elasticloadbalancing:DescribeLoadBalancers\",\"elasticloadbalancing:DescribeLoadBalancerAttributes\",\"elasticloadbalancing:DescribeListeners\",\"elasticloadbalancing:DescribeListenerCertificates\",\"elasticloadbalancing:DescribeSSLPolicies\",\"elasticloadbalancing:DescribeRules\",\"elasticloadbalancing:DescribeTargetGroups\",\"elasticloadbalancing:DescribeTargetGroupAttributes\",\"elasticloadbalancing:DescribeTargetHealth\",\"elasticloadbalancing:DescribeTags\"],\"Effect\":\"Allow\",\"Resource\":\"*\"},{\"Action\":[\"cognito-idp:DescribeUserPoolClient\",\"acm:ListCertificates\",\"acm:DescribeCertificate\",\"iam:ListServerCertificates\",\"iam:GetServerCertificate\",\"waf-regional:GetWebACL\",\"waf-regional:GetWebACLForResource\",\"waf-regional:AssociateWebACL\",\"waf-regional:DisassociateWebACL\",\"wafv2:GetWebACL\",\"wafv2:GetWebACLForResource\",\"wafv2:AssociateWebACL\",\"wafv2:DisassociateWebACL\",\"shield:GetSubscriptionState\",\"shield:DescribeProtection\",\"shield:CreateProtection\",\"shield:DeleteProtection\"],\"Effect\":\"Allow\",\"Resource\":\"*\"},{\"Action\":[\"ec2:AuthorizeSecurityGroupIngress\",\"ec2:RevokeSecurityGroupIngress\"],\"Effect\":\"Allow\",\"Resource\":\"*\"},{\"Action\":[\"ec2:CreateSecurityGroup\"],\"Effect\":\"Allow\",\"Resource\":\"*\"},{\"Action\":[\"ec2:CreateTags\"],\"Condition\":{\"Null\":{\"aws:RequestTag/elbv2.k8s.aws/cluster\":\"false\"},\"StringEquals\":{\"ec2:CreateAction\":\"CreateSecurityGroup\"}},\"Effect\":\"Allow\",\"Resource\":\"arn:aws:ec2:*:*:security-group/*\"},{\"Action\":[\"ec2:CreateTags\",\"ec2:DeleteTags\"],\"Condition\":{\"Null\":{\"aws:RequestTag/elbv2.k8s.aws/cluster\":\"true\",\"aws:ResourceTag/elbv2.k8s.aws/cluster\":\"false\"}},\"Effect\":\"Allow\",\"Resource\":\"arn:aws:ec2:*:*:security-group/*\"},{\"Action\":[\"ec2:AuthorizeSecurityGroupIngress\",\"ec2:RevokeSecurityGroupIngress\",\"ec2:DeleteSecurityGroup\"],\"Condition\":{\"Null\":{\"aws:ResourceTag/elbv2.k8s.aws/cluster\":\"false\"}},\"Effect\":\"Allow\",\"Resource\":\"*\"},{\"Action\":[\"elasticloadbalancing:CreateLoadBalancer\",\"elasticloadbalancing:CreateTargetGroup\"],\"Condition\":{\"Null\":{\"aws:RequestTag/elbv2.k8s.aws/cluster\":\"false\"}},\"Effect\":\"Allow\",\"Resource\":\"*\"},{\"Action\":[\"elasticloadbalancing:CreateListener\",\"elasticloadbalancing:DeleteListener\",\"elasticloadbalancing:CreateRule\",\"elasticloadbalancing:DeleteRule\"],\"Effect\":\"Allow\",\"Resource\":\"*\"},{\"Action\":[\"elasticloadbalancing:AddTags\",\"elasticloadbalancing:RemoveTags\"],\"Condition\":{\"Null\":{\"aws:RequestTag/elbv2.k8s.aws/cluster\":\"true\",\"aws:ResourceTag/elbv2.k8s.aws/cluster\":\"false\"}},\"Effect\":\"Allow\",\"Resource\":[\"arn:aws:elasticloadbalancing:*:*:targetgroup/*/*\",\"arn:aws:elasticloadbalancing:*:*:loadbalancer/net/*/*\",\"arn:aws:elasticloadbalancing:*:*:loadbalancer/app/*/*\"]},{\"Action\":[\"elasticloadbalancing:AddTags\",\"elasticloadbalancing:RemoveTags\"],\"Effect\":\"Allow\",\"Resource\":[\"arn:aws:elasticloadbalancing:*:*:listener/net/*/*/*\",\"arn:aws:elasticloadbalancing:*:*:listener/app/*/*/*\",\"arn:aws:elasticloadbalancing:*:*:listener-rule/net/*/*/*\",\"arn:aws:elasticloadbalancing:*:*:listener-rule/app/*/*/*\"]},{\"Action\":[\"elasticloadbalancing:ModifyLoadBalancerAttributes\",\"elasticloadbalancing:SetIpAddressType\",\"elasticloadbalancing:SetSecurityGroups\",\"elasticloadbalancing:SetSubnets\",\"elasticloadbalancing:DeleteLoadBalancer\",\"elasticloadbalancing:ModifyTargetGroup\",\"elasticloadbalancing:ModifyTargetGroupAttributes\",\"elasticloadbalancing:DeleteTargetGroup\"],\"Condition\":{\"Null\":{\"aws:ResourceTag/elbv2.k8s.aws/cluster\":\"false\"}},\"Effect\":\"Allow\",\"Resource\":\"*\"},{\"Action\":[\"elasticloadbalancing:AddTags\"],\"Condition\":{\"Null\":{\"aws:RequestTag/elbv2.k8s.aws/cluster\":\"false\"},\"StringEquals\":{\"elasticloadbalancing:CreateAction\":[\"CreateTargetGroup\",\"CreateLoadBalancer\"]}},\"Effect\":\"Allow\",\"Resource\":[\"arn:aws:elasticloadbalancing:*:*:targetgroup/*/*\",\"arn:aws:elasticloadbalancing:*:*:loadbalancer/net/*/*\",\"arn:aws:elasticloadbalancing:*:*:loadbalancer/app/*/*\"]},{\"Action\":[\"elasticloadbalancing:RegisterTargets\",\"elasticloadbalancing:DeregisterTargets\"],\"Effect\":\"Allow\",\"Resource\":\"arn:aws:elasticloadbalancing:*:*:targetgroup/*/*\"},{\"Action\":[\"elasticloadbalancing:SetWebAcl\",\"elasticloadbalancing:ModifyListener\",\"elasticloadbalancing:AddListenerCertificates\",\"elasticloadbalancing:RemoveListenerCertificates\",\"elasticloadbalancing:ModifyRule\"],\"Effect\":\"Allow\",\"Resource\":\"*\"}],\"Version\":\"2012-10-17\"}",
            "policy_id": "ANPAQYCYZFQWEIVDV2ZC2",
            "tags": null,
            "tags_all": {}
          },
          "sensitive_attributes": [],
          "private": "bnVsbA=="
        }
      ]
    },
    {
      "mode": "managed",
      "type": "aws_iam_policy",
      "name": "k8s-default-policy",
      "provider": "provider[\"registry.terraform.io/hashicorp/aws\"]",
      "instances": [
        {
          "schema_version": 0,
          "attributes": {
            "arn": "arn:aws:iam::051725806636:policy/uat-munna-rnd-k8s-default-policy",
            "description": "",
            "id": "arn:aws:iam::051725806636:policy/uat-munna-rnd-k8s-default-policy",
            "name": "uat-munna-rnd-k8s-default-policy",
            "name_prefix": "",
            "path": "/",
            "policy": "{\"Statement\":[{\"Action\":[\"ec2:CreateNetworkInterface\",\"ec2:CreateNetworkInterfacePermission\",\"ec2:DeleteNetworkInterface\",\"ec2:DescribeInstances\",\"ec2:DescribeNetworkInterfaces\",\"ec2:DetachNetworkInterface\",\"ec2:DescribeSecurityGroups\",\"ec2:DescribeSubnets\",\"ec2:DescribeVpcs\",\"ec2:ModifyNetworkInterfaceAttribute\",\"iam:ListAttachedRolePolicies\",\"eks:UpdateClusterVersion\"],\"Effect\":\"Allow\",\"Resource\":\"*\"},{\"Action\":[\"ec2:CreateTags\",\"ec2:DeleteTags\"],\"Effect\":\"Allow\",\"Resource\":[\"arn:aws:ec2:*:*:vpc/*\",\"arn:aws:ec2:*:*:subnet/*\"]},{\"Action\":\"route53:AssociateVPCWithHostedZone\",\"Effect\":\"Allow\",\"Resource\":\"*\"},{\"Action\":\"logs:CreateLogGroup\",\"Effect\":\"Allow\",\"Resource\":\"*\"},{\"Action\":[\"logs:CreateLogStream\",\"logs:DescribeLogStreams\"],\"Effect\":\"Allow\",\"Resource\":\"arn:aws:logs:*:*:log-group:/aws/eks/*:*\"},{\"Action\":\"logs:PutLogEvents\",\"Effect\":\"Allow\",\"Resource\":\"arn:aws:logs:*:*:log-group:/aws/eks/*:*:*\"},{\"Action\":\"iam:CreateServiceLinkedRole\",\"Condition\":{\"StringLike\":{\"iam:AWSServiceName\":\"eks.amazonaws.com\"}},\"Effect\":\"Allow\",\"Resource\":\"*\"},{\"Action\":[\"ec2:AssignPrivateIpAddresses\",\"ec2:AttachNetworkInterface\",\"ec2:CreateNetworkInterface\",\"ec2:DeleteNetworkInterface\",\"ec2:DescribeInstances\",\"ec2:DescribeTags\",\"ec2:DescribeNetworkInterfaces\",\"ec2:DescribeInstanceTypes\",\"ec2:DetachNetworkInterface\",\"ec2:ModifyNetworkInterfaceAttribute\",\"ec2:UnassignPrivateIpAddresses\"],\"Effect\":\"Allow\",\"Resource\":\"*\"},{\"Action\":[\"ec2:CreateTags\"],\"Effect\":\"Allow\",\"Resource\":[\"arn:aws:ec2:*:*:network-interface/*\"]},{\"Action\":[\"ec2:DescribeInstances\",\"ec2:DescribeRouteTables\",\"ec2:DescribeSecurityGroups\",\"ec2:DescribeSubnets\",\"ec2:DescribeVolumes\",\"ec2:DescribeVolumesModifications\",\"ec2:DescribeVpcs\",\"eks:DescribeCluster\"],\"Effect\":\"Allow\",\"Resource\":\"*\"},{\"Action\":[\"ecr:GetAuthorizationToken\",\"ecr:BatchCheckLayerAvailability\",\"ecr:GetDownloadUrlForLayer\",\"ecr:GetRepositoryPolicy\",\"ecr:DescribeRepositories\",\"ecr:ListImages\",\"ecr:DescribeImages\",\"ecr:BatchGetImage\",\"ecr:GetLifecyclePolicy\",\"ecr:GetLifecyclePolicyPreview\",\"ecr:ListTagsForResource\",\"ecr:DescribeImageScanFindings\"],\"Effect\":\"Allow\",\"Resource\":\"*\"},{\"Action\":[\"ssm:DescribeAssociation\",\"ssm:GetDeployablePatchSnapshotForInstance\",\"ssm:GetDocument\",\"ssm:DescribeDocument\",\"ssm:GetManifest\",\"ssm:GetParameters\",\"ssm:ListAssociations\",\"ssm:ListInstanceAssociations\",\"ssm:PutInventory\",\"ssm:PutComplianceItems\",\"ssm:PutConfigurePackageResult\",\"ssm:UpdateAssociationStatus\",\"ssm:UpdateInstanceAssociationStatus\",\"ssm:UpdateInstanceInformation\"],\"Effect\":\"Allow\",\"Resource\":\"*\"},{\"Action\":[\"ssmmessages:CreateControlChannel\",\"ssmmessages:CreateDataChannel\",\"ssmmessages:OpenControlChannel\",\"ssmmessages:OpenDataChannel\"],\"Effect\":\"Allow\",\"Resource\":\"*\"},{\"Action\":[\"ec2messages:AcknowledgeMessage\",\"ec2messages:DeleteMessage\",\"ec2messages:FailMessage\",\"ec2messages:GetEndpoint\",\"ec2messages:GetMessages\",\"ec2messages:SendReply\"],\"Effect\":\"Allow\",\"Resource\":\"*\"},{\"Action\":[\"cloudwatch:PutMetricData\"],\"Effect\":\"Allow\",\"Resource\":\"*\"},{\"Action\":[\"ec2:DescribeInstanceStatus\"],\"Effect\":\"Allow\",\"Resource\":\"*\"},{\"Action\":[\"ds:CreateComputer\",\"ds:DescribeDirectories\"],\"Effect\":\"Allow\",\"Resource\":\"*\"},{\"Action\":[\"logs:CreateLogGroup\",\"logs:CreateLogStream\",\"logs:DescribeLogGroups\",\"logs:DescribeLogStreams\",\"logs:PutLogEvents\"],\"Effect\":\"Allow\",\"Resource\":\"*\"},{\"Action\":[\"waf:*\",\"waf-regional:*\",\"wafv2:*\",\"elasticloadbalancing:SetWebACL\",\"apigateway:SetWebACL\",\"appsync:SetWebACL\"],\"Effect\":\"Allow\",\"Resource\":\"*\"},{\"Action\":[\"tag:GetResources\"],\"Effect\":\"Allow\",\"Resource\":\"*\"}],\"Version\":\"2012-10-17\"}",
            "policy_id": "ANPAQYCYZFQWJCAE6C3D2",
            "tags": null,
            "tags_all": {}
          },
          "sensitive_attributes": [],
          "private": "bnVsbA=="
        }
      ]
    },
    {
      "mode": "managed",
      "type": "aws_iam_policy",
      "name": "k8s-dynamodb-policy",
      "provider": "provider[\"registry.terraform.io/hashicorp/aws\"]",
      "instances": [
        {
          "schema_version": 0,
          "attributes": {
            "arn": "arn:aws:iam::051725806636:policy/uat-munna-rnd-k8s-dynamodb-policy",
            "description": "",
            "id": "arn:aws:iam::051725806636:policy/uat-munna-rnd-k8s-dynamodb-policy",
            "name": "uat-munna-rnd-k8s-dynamodb-policy",
            "name_prefix": "",
            "path": "/",
            "policy": "{\"Statement\":[{\"Action\":[\"dynamodb:BatchGetItem\",\"dynamodb:BatchWriteItem\",\"dynamodb:ConditionCheckItem\",\"dynamodb:PutItem\",\"dynamodb:DeleteItem\",\"dynamodb:GetItem\",\"dynamodb:Scan\",\"dynamodb:ListTagsOfResource\",\"dynamodb:Query\",\"dynamodb:UpdateItem\"],\"Effect\":\"Allow\",\"Resource\":\"arn:aws:dynamodb:ap-southeast-1:051725806636:table/uat-munna-rnd-*\",\"Sid\":\"VisualEditor0\"},{\"Action\":[\"dynamodb:Scan\",\"dynamodb:Query\",\"dynamodb:DescribeStream\",\"dynamodb:GetRecords\"],\"Effect\":\"Allow\",\"Resource\":[\"arn:aws:dynamodb:ap-southeast-1:051725806636:table/uat-munna-rnd-*/index/*\",\"arn:aws:dynamodb:ap-southeast-1:051725806636:table/uat-munna-rnd-*/stream/*\"],\"Sid\":\"VisualEditor1\"},{\"Action\":[\"dynamodb:ListTables\",\"dynamodb:ListStreams\"],\"Effect\":\"Allow\",\"Resource\":\"*\",\"Sid\":\"VisualEditor2\"}],\"Version\":\"2012-10-17\"}",
            "policy_id": "ANPAQYCYZFQWLPUI2WU42",
            "tags": null,
            "tags_all": {}
          },
          "sensitive_attributes": [],
          "private": "bnVsbA=="
        }
      ]
    },
    {
      "mode": "managed",
      "type": "aws_iam_policy",
      "name": "k8s-s3-policy",
      "provider": "provider[\"registry.terraform.io/hashicorp/aws\"]",
      "instances": [
        {
          "schema_version": 0,
          "attributes": {
            "arn": "arn:aws:iam::051725806636:policy/uat-munna-rnd-k8s-s3-policy",
            "description": "",
            "id": "arn:aws:iam::051725806636:policy/uat-munna-rnd-k8s-s3-policy",
            "name": "uat-munna-rnd-k8s-s3-policy",
            "name_prefix": "",
            "path": "/",
            "policy": "{\"Statement\":[{\"Action\":[\"s3:GetBucketObjectLockConfiguration\",\"s3:PutObject\",\"s3:GetObject\",\"s3:ListBucket\",\"s3:DeleteObject\"],\"Effect\":\"Allow\",\"Resource\":[\"arn:aws:s3:::*/*\",\"arn:aws:s3:::uat-munna-rnd-*\"],\"Sid\":\"VisualEditor0\"},{\"Action\":\"s3:ListAllMyBuckets\",\"Effect\":\"Allow\",\"Resource\":\"*\",\"Sid\":\"VisualEditor1\"}],\"Version\":\"2012-10-17\"}",
            "policy_id": "ANPAQYCYZFQWIX72E7HSW",
            "tags": null,
            "tags_all": {}
          },
          "sensitive_attributes": [],
          "private": "bnVsbA=="
        }
      ]
    },
    {
      "mode": "managed",
      "type": "aws_iam_role",
      "name": "aws_load_balancer_controller",
      "provider": "provider[\"registry.terraform.io/hashicorp/aws\"]",
      "instances": [
        {
          "schema_version": 0,
          "attributes": {
            "arn": "arn:aws:iam::051725806636:role/aws-load-balancer-controller",
            "assume_role_policy": "{\"Statement\":[{\"Action\":\"sts:AssumeRoleWithWebIdentity\",\"Condition\":{\"StringEquals\":{\"oidc.eks.ap-southeast-1.amazonaws.com/id/4741E07AD82A595D0B465414076C3E50:sub\":\"system:serviceaccount:kube-system:aws-load-balancer-controller\"}},\"Effect\":\"Allow\",\"Principal\":{\"Federated\":\"arn:aws:iam::051725806636:oidc-provider/oidc.eks.ap-southeast-1.amazonaws.com/id/4741E07AD82A595D0B465414076C3E50\"}}],\"Version\":\"2012-10-17\"}",
            "create_date": "2023-06-25T16:00:44Z",
            "description": "",
            "force_detach_policies": false,
            "id": "aws-load-balancer-controller",
            "inline_policy": [],
            "managed_policy_arns": [],
            "max_session_duration": 3600,
            "name": "aws-load-balancer-controller",
            "name_prefix": "",
            "path": "/",
            "permissions_boundary": null,
            "tags": null,
            "tags_all": {},
            "unique_id": "AROAQYCYZFQWJGPIXFATS"
          },
          "sensitive_attributes": [],
          "private": "bnVsbA==",
          "dependencies": [
            "aws_iam_openid_connect_provider.eks",
            "data.aws_iam_policy_document.aws_load_balancer_controller_assume_role_policy",
            "data.tls_certificate.eks",
            "module.eks-cluster.aws_eks_cluster.eks",
            "module.eks-cluster.aws_iam_role.eks-role",
            "module.eks-cluster.aws_security_group.eks-master"
          ]
        }
      ]
    },
    {
      "mode": "managed",
      "type": "aws_iam_role_policy_attachment",
      "name": "aws_load_balancer_controller_attach",
      "provider": "provider[\"registry.terraform.io/hashicorp/aws\"]",
      "instances": [
        {
          "schema_version": 0,
          "attributes": {
            "id": "aws-load-balancer-controller-2023062516004522140000000b",
            "policy_arn": "arn:aws:iam::051725806636:policy/AWSLoadBalancerControlleri-munna",
            "role": "aws-load-balancer-controller"
          },
          "sensitive_attributes": [],
          "private": "bnVsbA==",
          "dependencies": [
            "aws_iam_openid_connect_provider.eks",
            "aws_iam_policy.aws_load_balancer_controller",
            "aws_iam_role.aws_load_balancer_controller",
            "data.aws_iam_policy_document.aws_load_balancer_controller_assume_role_policy",
            "data.tls_certificate.eks",
            "module.eks-cluster.aws_eks_cluster.eks",
            "module.eks-cluster.aws_iam_role.eks-role",
            "module.eks-cluster.aws_security_group.eks-master"
          ]
        }
      ]
    },
    {
      "mode": "managed",
      "type": "null_resource",
      "name": "kubeconfig",
      "provider": "provider[\"registry.terraform.io/hashicorp/null\"]",
      "instances": [
        {
          "schema_version": 0,
          "attributes": {
            "id": "5205877342364057958",
            "triggers": null
          },
          "sensitive_attributes": [],
          "dependencies": [
            "module.eks-cluster.aws_eks_cluster.eks",
            "module.eks-cluster.aws_iam_role.eks-role",
            "module.eks-cluster.aws_security_group.eks-master"
          ]
        }
      ]
    },
    {
      "module": "module.eks-cluster",
      "mode": "managed",
      "type": "aws_autoscaling_schedule",
      "name": "spot_nodegroup_scale_down",
      "provider": "provider[\"registry.terraform.io/hashicorp/aws\"]",
      "instances": [
        {
          "index_key": 0,
          "schema_version": 0,
          "attributes": {
            "arn": "arn:aws:autoscaling:ap-southeast-1:051725806636:scheduledUpdateGroupAction:b26c247d-32a2-489e-ac47-74e0918cc967:autoScalingGroupName/eks-uat-munna-rnd-eks-spot-nodegroup-fec479a4-9d11-9045-7248-6f2c8505e90e:scheduledActionName/uat-munna-rnd-spot_nodegroup_scale_down",
            "autoscaling_group_name": "eks-uat-munna-rnd-eks-spot-nodegroup-fec479a4-9d11-9045-7248-6f2c8505e90e",
            "desired_capacity": 0,
            "end_time": null,
            "id": "uat-munna-rnd-spot_nodegroup_scale_down",
            "max_size": 0,
            "min_size": 0,
            "recurrence": "0 16 * * *",
            "scheduled_action_name": "uat-munna-rnd-spot_nodegroup_scale_down",
            "start_time": "2023-06-26T16:00:00Z",
            "time_zone": ""
          },
          "sensitive_attributes": [],
          "private": "bnVsbA==",
          "dependencies": [
            "module.eks-cluster.aws_eks_cluster.eks",
            "module.eks-cluster.aws_eks_node_group.spot_node_group",
            "module.eks-cluster.aws_iam_role.eks-role",
            "module.eks-cluster.aws_security_group.eks-master",
            "module.eks-iam.aws_iam_role.default"
          ]
        }
      ]
    },
    {
      "module": "module.eks-cluster",
      "mode": "managed",
      "type": "aws_autoscaling_schedule",
      "name": "spot_nodegroup_scale_down_midnight",
      "provider": "provider[\"registry.terraform.io/hashicorp/aws\"]",
      "instances": [
        {
          "index_key": 0,
          "schema_version": 0,
          "attributes": {
            "arn": "arn:aws:autoscaling:ap-southeast-1:051725806636:scheduledUpdateGroupAction:b26c247d-32a2-489e-ac47-74e0918cc967:autoScalingGroupName/eks-uat-munna-rnd-eks-spot-nodegroup-fec479a4-9d11-9045-7248-6f2c8505e90e:scheduledActionName/uat-munna-rnd-spot_nodegroup_scale_down",
            "autoscaling_group_name": "eks-uat-munna-rnd-eks-spot-nodegroup-fec479a4-9d11-9045-7248-6f2c8505e90e",
            "desired_capacity": 0,
            "end_time": null,
            "id": "uat-munna-rnd-spot_nodegroup_scale_down",
            "max_size": 0,
            "min_size": 0,
            "recurrence": "0 20 * * *",
            "scheduled_action_name": "uat-munna-rnd-spot_nodegroup_scale_down",
            "start_time": "2023-06-25T20:00:00Z",
            "time_zone": ""
          },
          "sensitive_attributes": [],
          "private": "bnVsbA==",
          "dependencies": [
            "module.eks-cluster.aws_eks_cluster.eks",
            "module.eks-cluster.aws_eks_node_group.spot_node_group",
            "module.eks-cluster.aws_iam_role.eks-role",
            "module.eks-cluster.aws_security_group.eks-master",
            "module.eks-iam.aws_iam_role.default"
          ]
        }
      ]
    },
    {
      "module": "module.eks-cluster",
      "mode": "managed",
      "type": "aws_autoscaling_schedule",
      "name": "spot_nodegroup_scale_up",
      "provider": "provider[\"registry.terraform.io/hashicorp/aws\"]",
      "instances": [
        {
          "index_key": 0,
          "schema_version": 0,
          "attributes": {
            "arn": "arn:aws:autoscaling:ap-southeast-1:051725806636:scheduledUpdateGroupAction:8e08107c-f463-4472-9662-8c32e172cf5b:autoScalingGroupName/eks-uat-munna-rnd-eks-spot-nodegroup-fec479a4-9d11-9045-7248-6f2c8505e90e:scheduledActionName/uat-munna-rnd-spot_nodegroup_scale_up",
            "autoscaling_group_name": "eks-uat-munna-rnd-eks-spot-nodegroup-fec479a4-9d11-9045-7248-6f2c8505e90e",
            "desired_capacity": 2,
            "end_time": null,
            "id": "uat-munna-rnd-spot_nodegroup_scale_up",
            "max_size": 2,
            "min_size": 2,
            "recurrence": "0 3 * * *",
            "scheduled_action_name": "uat-munna-rnd-spot_nodegroup_scale_up",
            "start_time": "2023-06-26T03:00:00Z",
            "time_zone": ""
          },
          "sensitive_attributes": [],
          "private": "bnVsbA==",
          "dependencies": [
            "module.eks-cluster.aws_eks_cluster.eks",
            "module.eks-cluster.aws_eks_node_group.spot_node_group",
            "module.eks-cluster.aws_iam_role.eks-role",
            "module.eks-cluster.aws_security_group.eks-master",
            "module.eks-iam.aws_iam_role.default"
          ]
        }
      ]
    },
    {
      "module": "module.eks-cluster",
      "mode": "managed",
      "type": "aws_eks_cluster",
      "name": "eks",
      "provider": "provider[\"registry.terraform.io/hashicorp/aws\"]",
      "instances": [
        {
          "schema_version": 0,
          "attributes": {
            "arn": "arn:aws:eks:ap-southeast-1:051725806636:cluster/uat-munna-rnd-eks-cluster",
            "certificate_authority": [
              {
                "data": "LS0tLS1CRUdJTiBDRVJUSUZJQ0FURS0tLS0tCk1JSUMvakNDQWVhZ0F3SUJBZ0lCQURBTkJna3Foa2lHOXcwQkFRc0ZBREFWTVJNd0VRWURWUVFERXdwcmRXSmwKY201bGRHVnpNQjRYRFRJek1EWXlOVEUxTlRZek5sb1hEVE16TURZeU1qRTFOVFl6Tmxvd0ZURVRNQkVHQTFVRQpBeE1LYTNWaVpYSnVaWFJsY3pDQ0FTSXdEUVlKS29aSWh2Y05BUUVCQlFBRGdnRVBBRENDQVFvQ2dnRUJBSnJYCm5TODRXcGUwckZBMThVSVRMZHRqYWNjbnhhVno2cFlnTU5tS3N5OGlucjB4RG91VDNmMkQvU3duOUNVQm1GcHMKQ0l3cmJUK2ZSSDBmSHVBMTRyQ2JtQTdiQ1Q3MHlLdXVsd3BEOHZWbEJjTklSMDB3MU9ab0N1T0dBTjhvYm1SOApkQXg0TXlCMzBSZEZsMlZUdjd5cUVKUGg3SHNmTUVpKzNod1ZtZXltZzdXSkZ5NDdLbVhyWlk2QU5Qc3dRengrCjlsQUExaStPb1JXL21FbXE3b2hOZ2pid1BEYitrY0tiRVFUU1lQYXYwdnc2L3dSZkJReDdHaU9WTkZjcXhIWVEKbWFRWW9QTWhXeWNHTWgrZ3JFdWRqRTdwUjlMTVdFbTd5TytzbktSOXN1aWJNVnRDdTE5WHNaK1V3Wk00OXBWawoxVjFkcmhQb3FZMCs0K0pVVmJNQ0F3RUFBYU5aTUZjd0RnWURWUjBQQVFIL0JBUURBZ0trTUE4R0ExVWRFd0VCCi93UUZNQU1CQWY4d0hRWURWUjBPQkJZRUZNSHNMcmgzamNPdzNiZFdnT2R1eWVCdEtqNU9NQlVHQTFVZEVRUU8KTUF5Q0NtdDFZbVZ5Ym1WMFpYTXdEUVlKS29aSWh2Y05BUUVMQlFBRGdnRUJBQnoxbjBTaUtWUFhKaGs4Y3NqZQo4SFRTdUNsOWRMbXg4VUYvMEpNcHlEMDV2YkpoQnlVeHdSZFR5c0tSekFXcUNDL2R3cUdUeW9EbFFHSTFBbkJCCmwxVjBpMW5uZlR2c2krT3doTGR4OWZYL3pIVUljZ0pqYk9PMmtyZFYxekZhYnNmM1crZXBCY1hGVTFvbHBZSjQKS3B3YWliZy9xekhBbFVLaXk1NVJjTk1DVVpmUkw0QTZzWmxmUlFudjBlOGJWUFAwZ1dPdno5c1l0eTY2UGVxcgpVck4rRFNxZ3lWZTMwVlB3U0hKOXl2WlNQNFZzZFk0UG8yY3pCVzZPaXpHT3RURU9vbmtLQkJLbTlQVG9ZcFZYClNXeU1OdFZTYVhLQ2QzNjA1NVJMSnVhbllKa0s1ZDJrNVVTR3duTEtKMDNHY1h3MWIrMHdCbnp5NFlCdDl2M2UKTVcwPQotLS0tLUVORCBDRVJUSUZJQ0FURS0tLS0tCg=="
              }
            ],
            "cluster_id": null,
            "created_at": "2023-06-25 15:51:44.075 +0000 UTC",
            "enabled_cluster_log_types": [
              "api",
              "audit"
            ],
            "encryption_config": [],
            "endpoint": "https://4741E07AD82A595D0B465414076C3E50.gr7.ap-southeast-1.eks.amazonaws.com",
            "id": "uat-munna-rnd-eks-cluster",
            "identity": [
              {
                "oidc": [
                  {
                    "issuer": "https://oidc.eks.ap-southeast-1.amazonaws.com/id/4741E07AD82A595D0B465414076C3E50"
                  }
                ]
              }
            ],
            "kubernetes_network_config": [
              {
                "ip_family": "ipv4",
                "service_ipv4_cidr": "172.20.0.0/16",
                "service_ipv6_cidr": ""
              }
            ],
            "name": "uat-munna-rnd-eks-cluster",
            "outpost_config": [],
            "platform_version": "eks.9",
            "role_arn": "arn:aws:iam::051725806636:role/uat-munna-rnd-eks-role",
            "status": "ACTIVE",
            "tags": null,
            "tags_all": {},
            "timeouts": null,
            "version": "1.23",
            "vpc_config": [
              {
                "cluster_security_group_id": "sg-05e05bedc969dace8",
                "endpoint_private_access": true,
                "endpoint_public_access": false,
                "public_access_cidrs": [],
                "security_group_ids": [
                  "sg-090809eafc51a45aa"
                ],
                "subnet_ids": [
                  "subnet-033e1d9428f91f483",
                  "subnet-04ebd429464000948"
                ],
                "vpc_id": "vpc-0194d1b660005a311"
              }
            ]
          },
          "sensitive_attributes": [],
          "private": "eyJlMmJmYjczMC1lY2FhLTExZTYtOGY4OC0zNDM2M2JjN2M0YzAiOnsiY3JlYXRlIjoxODAwMDAwMDAwMDAwLCJkZWxldGUiOjkwMDAwMDAwMDAwMCwidXBkYXRlIjozNjAwMDAwMDAwMDAwfX0=",
          "dependencies": [
            "module.eks-cluster.aws_iam_role.eks-role",
            "module.eks-cluster.aws_security_group.eks-master"
          ]
        }
      ]
    },
    {
      "module": "module.eks-cluster",
      "mode": "managed",
      "type": "aws_eks_node_group",
      "name": "spot_node_group",
      "provider": "provider[\"registry.terraform.io/hashicorp/aws\"]",
      "instances": [
        {
          "index_key": 0,
          "schema_version": 0,
          "attributes": {
            "ami_type": "BOTTLEROCKET_x86_64",
            "arn": "arn:aws:eks:ap-southeast-1:051725806636:nodegroup/uat-munna-rnd-eks-cluster/uat-munna-rnd-eks-spot-nodegroup/fec479a4-9d11-9045-7248-6f2c8505e90e",
            "capacity_type": "SPOT",
            "cluster_name": "uat-munna-rnd-eks-cluster",
            "disk_size": 100,
            "force_update_version": null,
            "id": "uat-munna-rnd-eks-cluster:uat-munna-rnd-eks-spot-nodegroup",
            "instance_types": [
              "t3.medium",
              "t3a.medium"
            ],
            "labels": null,
            "launch_template": [],
            "node_group_name": "uat-munna-rnd-eks-spot-nodegroup",
            "node_group_name_prefix": "",
            "node_role_arn": "arn:aws:iam::051725806636:role/uat-munna-rnd-worker",
            "release_version": "1.14.1-842c7134",
            "remote_access": [],
            "resources": [
              {
                "autoscaling_groups": [
                  {
                    "name": "eks-uat-munna-rnd-eks-spot-nodegroup-fec479a4-9d11-9045-7248-6f2c8505e90e"
                  }
                ],
                "remote_access_security_group_id": ""
              }
            ],
            "scaling_config": [
              {
                "desired_size": 2,
                "max_size": 2,
                "min_size": 2
              }
            ],
            "status": "ACTIVE",
            "subnet_ids": [
              "subnet-033e1d9428f91f483",
              "subnet-04ebd429464000948"
            ],
            "tags": {
              "Name": "uat-munna-rnd-eks-spot-worker"
            },
            "tags_all": {
              "Name": "uat-munna-rnd-eks-spot-worker"
            },
            "taint": [],
            "timeouts": null,
            "update_config": [
              {
                "max_unavailable": 1,
                "max_unavailable_percentage": 0
              }
            ],
            "version": "1.23"
          },
          "sensitive_attributes": [],
          "private": "eyJlMmJmYjczMC1lY2FhLTExZTYtOGY4OC0zNDM2M2JjN2M0YzAiOnsiY3JlYXRlIjozNjAwMDAwMDAwMDAwLCJkZWxldGUiOjM2MDAwMDAwMDAwMDAsInVwZGF0ZSI6MzYwMDAwMDAwMDAwMH19",
          "dependencies": [
            "module.eks-cluster.aws_eks_cluster.eks",
            "module.eks-cluster.aws_iam_role.eks-role",
            "module.eks-cluster.aws_security_group.eks-master",
            "module.eks-iam.aws_iam_role.default"
          ]
        }
      ]
    },
    {
      "module": "module.eks-cluster",
      "mode": "managed",
      "type": "aws_iam_role",
      "name": "eks-role",
      "provider": "provider[\"registry.terraform.io/hashicorp/aws\"]",
      "instances": [
        {
          "schema_version": 0,
          "attributes": {
            "arn": "arn:aws:iam::051725806636:role/uat-munna-rnd-eks-role",
            "assume_role_policy": "{\"Statement\":[{\"Action\":\"sts:AssumeRole\",\"Effect\":\"Allow\",\"Principal\":{\"Service\":\"eks.amazonaws.com\"}}],\"Version\":\"2012-10-17\"}",
            "create_date": "2023-06-25T15:51:40Z",
            "description": "",
            "force_detach_policies": false,
            "id": "uat-munna-rnd-eks-role",
            "inline_policy": [],
            "managed_policy_arns": [],
            "max_session_duration": 3600,
            "name": "uat-munna-rnd-eks-role",
            "name_prefix": "",
            "path": "/",
            "permissions_boundary": null,
            "tags": null,
            "tags_all": {},
            "unique_id": "AROAQYCYZFQWHISHHDGJQ"
          },
          "sensitive_attributes": [],
          "private": "bnVsbA=="
        }
      ]
    },
    {
      "module": "module.eks-cluster",
      "mode": "managed",
      "type": "aws_iam_role_policy_attachment",
      "name": "AmazonEKSClusterPolicy",
      "provider": "provider[\"registry.terraform.io/hashicorp/aws\"]",
      "instances": [
        {
          "schema_version": 0,
          "attributes": {
            "id": "uat-munna-rnd-eks-role-20230625155142201600000007",
            "policy_arn": "arn:aws:iam::aws:policy/AmazonEKSClusterPolicy",
            "role": "uat-munna-rnd-eks-role"
          },
          "sensitive_attributes": [],
          "private": "bnVsbA==",
          "dependencies": [
            "module.eks-cluster.aws_iam_role.eks-role"
          ]
        }
      ]
    },
    {
      "module": "module.eks-cluster",
      "mode": "managed",
      "type": "aws_iam_role_policy_attachment",
      "name": "AmazonEKSServicePolicy",
      "provider": "provider[\"registry.terraform.io/hashicorp/aws\"]",
      "instances": [
        {
          "schema_version": 0,
          "attributes": {
            "id": "uat-munna-rnd-eks-role-20230625155142274600000008",
            "policy_arn": "arn:aws:iam::aws:policy/AmazonEKSServicePolicy",
            "role": "uat-munna-rnd-eks-role"
          },
          "sensitive_attributes": [],
          "private": "bnVsbA==",
          "dependencies": [
            "module.eks-cluster.aws_iam_role.eks-role"
          ]
        }
      ]
    },
    {
      "module": "module.eks-cluster",
      "mode": "managed",
      "type": "aws_iam_role_policy_attachment",
      "name": "AmazonEKS_CNI_Policy",
      "provider": "provider[\"registry.terraform.io/hashicorp/aws\"]",
      "instances": [
        {
          "schema_version": 0,
          "attributes": {
            "id": "uat-munna-rnd-eks-role-20230625155142588700000009",
            "policy_arn": "arn:aws:iam::aws:policy/AmazonEKS_CNI_Policy",
            "role": "uat-munna-rnd-eks-role"
          },
          "sensitive_attributes": [],
          "private": "bnVsbA==",
          "dependencies": [
            "module.eks-cluster.aws_iam_role.eks-role"
          ]
        }
      ]
    },
    {
      "module": "module.eks-cluster",
      "mode": "managed",
      "type": "aws_security_group",
      "name": "eks-master",
      "provider": "provider[\"registry.terraform.io/hashicorp/aws\"]",
      "instances": [
        {
          "schema_version": 1,
          "attributes": {
            "arn": "arn:aws:ec2:ap-southeast-1:051725806636:security-group/sg-090809eafc51a45aa",
            "description": "Managed by Terraform",
            "egress": [],
            "id": "sg-090809eafc51a45aa",
            "ingress": [],
            "name": "uat-munna-rnd-eks-master",
            "name_prefix": "",
            "owner_id": "051725806636",
            "revoke_rules_on_delete": false,
            "tags": {
              "Cost-Center": "munna",
              "Environment": "uat",
              "Name": "uat-munna-rnd-eks-cluster",
              "Owner": "SE",
              "Project": "munna-rnd",
              "ResourceType": "EKS-cluster-resource",
              "Version": "0.0.1"
            },
            "tags_all": {
              "Cost-Center": "munna",
              "Environment": "uat",
              "Name": "uat-munna-rnd-eks-cluster",
              "Owner": "SE",
              "Project": "munna-rnd",
              "ResourceType": "EKS-cluster-resource",
              "Version": "0.0.1"
            },
            "timeouts": null,
            "vpc_id": "vpc-0194d1b660005a311"
          },
          "sensitive_attributes": [],
          "private": "eyJlMmJmYjczMC1lY2FhLTExZTYtOGY4OC0zNDM2M2JjN2M0YzAiOnsiY3JlYXRlIjo2MDAwMDAwMDAwMDAsImRlbGV0ZSI6OTAwMDAwMDAwMDAwfSwic2NoZW1hX3ZlcnNpb24iOiIxIn0="
        }
      ]
    },
    {
      "module": "module.eks-cluster",
      "mode": "managed",
      "type": "aws_security_group_rule",
      "name": "eks-master-egress",
      "provider": "provider[\"registry.terraform.io/hashicorp/aws\"]",
      "instances": [
        {
          "schema_version": 2,
          "attributes": {
            "cidr_blocks": [
              "0.0.0.0/0"
            ],
            "description": null,
            "from_port": 0,
            "id": "sgrule-201265354",
            "ipv6_cidr_blocks": null,
            "prefix_list_ids": null,
            "protocol": "-1",
            "security_group_id": "sg-090809eafc51a45aa",
            "security_group_rule_id": "sgr-04673a8e6fef067e5",
            "self": false,
            "source_security_group_id": null,
            "timeouts": null,
            "to_port": 0,
            "type": "egress"
          },
          "sensitive_attributes": [],
          "private": "eyJlMmJmYjczMC1lY2FhLTExZTYtOGY4OC0zNDM2M2JjN2M0YzAiOnsiY3JlYXRlIjozMDAwMDAwMDAwMDB9LCJzY2hlbWFfdmVyc2lvbiI6IjIifQ==",
          "dependencies": [
            "module.eks-cluster.aws_security_group.eks-master"
          ]
        }
      ]
    },
    {
      "module": "module.eks-cluster",
      "mode": "managed",
      "type": "aws_security_group_rule",
      "name": "eks-master-self-vpc-ingress",
      "provider": "provider[\"registry.terraform.io/hashicorp/aws\"]",
      "instances": [
        {
          "schema_version": 2,
          "attributes": {
            "cidr_blocks": null,
            "description": null,
            "from_port": 0,
            "id": "sgrule-1592604788",
            "ipv6_cidr_blocks": null,
            "prefix_list_ids": null,
            "protocol": "-1",
            "security_group_id": "sg-090809eafc51a45aa",
            "security_group_rule_id": "sgr-04f5662e20a442f20",
            "self": true,
            "source_security_group_id": null,
            "timeouts": null,
            "to_port": 0,
            "type": "ingress"
          },
          "sensitive_attributes": [],
          "private": "eyJlMmJmYjczMC1lY2FhLTExZTYtOGY4OC0zNDM2M2JjN2M0YzAiOnsiY3JlYXRlIjozMDAwMDAwMDAwMDB9LCJzY2hlbWFfdmVyc2lvbiI6IjIifQ==",
          "dependencies": [
            "module.eks-cluster.aws_security_group.eks-master"
          ]
        }
      ]
    },
    {
      "module": "module.eks-cluster",
      "mode": "managed",
      "type": "aws_security_group_rule",
      "name": "mip-vpc-ingress",
      "provider": "provider[\"registry.terraform.io/hashicorp/aws\"]",
      "instances": [
        {
          "schema_version": 2,
          "attributes": {
            "cidr_blocks": [
              "10.144.160.0/20"
            ],
            "description": null,
            "from_port": 443,
            "id": "sgrule-2376804719",
            "ipv6_cidr_blocks": null,
            "prefix_list_ids": null,
            "protocol": "tcp",
            "security_group_id": "sg-090809eafc51a45aa",
            "security_group_rule_id": "sgr-0fadc6f2fbd5af56f",
            "self": false,
            "source_security_group_id": null,
            "timeouts": null,
            "to_port": 443,
            "type": "ingress"
          },
          "sensitive_attributes": [],
          "private": "eyJlMmJmYjczMC1lY2FhLTExZTYtOGY4OC0zNDM2M2JjN2M0YzAiOnsiY3JlYXRlIjozMDAwMDAwMDAwMDB9LCJzY2hlbWFfdmVyc2lvbiI6IjIifQ==",
          "dependencies": [
            "module.eks-cluster.aws_security_group.eks-master"
          ]
        }
      ]
    },
    {
      "module": "module.eks-iam",
      "mode": "managed",
      "type": "aws_iam_instance_profile",
      "name": "default",
      "provider": "provider[\"registry.terraform.io/hashicorp/aws\"]",
      "instances": [
        {
          "schema_version": 0,
          "attributes": {
            "arn": "arn:aws:iam::051725806636:instance-profile/uat-munna-rnd-worker",
            "create_date": "2023-06-25T15:51:41Z",
            "id": "uat-munna-rnd-worker",
            "name": "uat-munna-rnd-worker",
            "name_prefix": "",
            "path": "/",
            "role": "uat-munna-rnd-worker",
            "tags": null,
            "tags_all": {},
            "unique_id": "AIPAQYCYZFQWI6AQSQ3O5"
          },
          "sensitive_attributes": [],
          "private": "bnVsbA==",
          "dependencies": [
            "module.eks-iam.aws_iam_role.default"
          ]
        }
      ]
    },
    {
      "module": "module.eks-iam",
      "mode": "managed",
      "type": "aws_iam_role",
      "name": "default",
      "provider": "provider[\"registry.terraform.io/hashicorp/aws\"]",
      "instances": [
        {
          "schema_version": 0,
          "attributes": {
            "arn": "arn:aws:iam::051725806636:role/uat-munna-rnd-worker",
            "assume_role_policy": "{\"Statement\":[{\"Action\":\"sts:AssumeRole\",\"Effect\":\"Allow\",\"Principal\":{\"Service\":\"ec2.amazonaws.com\"},\"Sid\":\"\"}],\"Version\":\"2012-10-17\"}",
            "create_date": "2023-06-25T15:51:40Z",
            "description": "",
            "force_detach_policies": false,
            "id": "uat-munna-rnd-worker",
            "inline_policy": [],
            "managed_policy_arns": [],
            "max_session_duration": 3600,
            "name": "uat-munna-rnd-worker",
            "name_prefix": "",
            "path": "/",
            "permissions_boundary": null,
            "tags": null,
            "tags_all": {},
            "unique_id": "AROAQYCYZFQWINCCPHTZQ"
          },
          "sensitive_attributes": [],
          "private": "bnVsbA=="
        }
      ]
    },
    {
      "module": "module.eks-iam",
      "mode": "managed",
      "type": "aws_iam_role_policy_attachment",
      "name": "default",
      "provider": "provider[\"registry.terraform.io/hashicorp/aws\"]",
      "instances": [
        {
          "index_key": "AmazonSSMFullAccess",
          "schema_version": 0,
          "attributes": {
            "id": "uat-munna-rnd-worker-20230625155141937600000002",
            "policy_arn": "arn:aws:iam::aws:policy/AmazonSSMFullAccess",
            "role": "uat-munna-rnd-worker"
          },
          "sensitive_attributes": [],
          "private": "bnVsbA==",
          "dependencies": [
            "aws_iam_policy.k8s-default-policy",
            "module.eks-iam.aws_iam_role.default"
          ]
        },
        {
          "index_key": "ECRReadOnly",
          "schema_version": 0,
          "attributes": {
            "id": "uat-munna-rnd-worker-20230625155142114200000005",
            "policy_arn": "arn:aws:iam::aws:policy/AmazonEC2ContainerRegistryReadOnly",
            "role": "uat-munna-rnd-worker"
          },
          "sensitive_attributes": [],
          "private": "bnVsbA==",
          "dependencies": [
            "aws_iam_policy.k8s-default-policy",
            "module.eks-iam.aws_iam_role.default"
          ]
        },
        {
          "index_key": "EKSCNIPolicy",
          "schema_version": 0,
          "attributes": {
            "id": "uat-munna-rnd-worker-20230625155141993100000003",
            "policy_arn": "arn:aws:iam::aws:policy/AmazonEKS_CNI_Policy",
            "role": "uat-munna-rnd-worker"
          },
          "sensitive_attributes": [],
          "private": "bnVsbA==",
          "dependencies": [
            "aws_iam_policy.k8s-default-policy",
            "module.eks-iam.aws_iam_role.default"
          ]
        },
        {
          "index_key": "EKSDefaultPolicy",
          "schema_version": 0,
          "attributes": {
            "id": "uat-munna-rnd-worker-20230625155141905600000001",
            "policy_arn": "arn:aws:iam::051725806636:policy/uat-munna-rnd-k8s-default-policy",
            "role": "uat-munna-rnd-worker"
          },
          "sensitive_attributes": [],
          "private": "bnVsbA==",
          "dependencies": [
            "aws_iam_policy.k8s-default-policy",
            "module.eks-iam.aws_iam_role.default"
          ]
        },
        {
          "index_key": "EKSWorkerPolicy",
          "schema_version": 0,
          "attributes": {
            "id": "uat-munna-rnd-worker-20230625155142022400000004",
            "policy_arn": "arn:aws:iam::aws:policy/AmazonEKSWorkerNodePolicy",
            "role": "uat-munna-rnd-worker"
          },
          "sensitive_attributes": [],
          "private": "bnVsbA==",
          "dependencies": [
            "aws_iam_policy.k8s-default-policy",
            "module.eks-iam.aws_iam_role.default"
          ]
        },
        {
          "index_key": "SSMManagedInstanceCore",
          "schema_version": 0,
          "attributes": {
            "id": "uat-munna-rnd-worker-20230625155142176900000006",
            "policy_arn": "arn:aws:iam::aws:policy/AmazonSSMManagedInstanceCore",
            "role": "uat-munna-rnd-worker"
          },
          "sensitive_attributes": [],
          "private": "bnVsbA==",
          "dependencies": [
            "aws_iam_policy.k8s-default-policy",
            "module.eks-iam.aws_iam_role.default"
          ]
        }
      ]
    }
  ],
  "check_results": null
}
